
Microsoft Visual Studio Solution File, Format Version 12.00
# Visual Studio 2013
VisualStudioVersion = 12.0.40629.0
MinimumVisualStudioVersion = 10.0.40219.1
Project("{FAE04EC0-301F-11D3-BF4B-00C04F79EFBC}") = "aConverter", "aConverter\aConverter.csproj", "{4E2D1A8E-E351-4F1A-A8DC-85FAD77B5216}"
	ProjectSection(ProjectDependencies) = postProject
		{EAB17325-D5BE-4CD9-9538-CF40DD091F95} = {EAB17325-D5BE-4CD9-9538-CF40DD091F95}
		{F7AC8075-BBD4-48A0-ABE1-E9CCEB6481FB} = {F7AC8075-BBD4-48A0-ABE1-E9CCEB6481FB}
		{D40A66D9-B336-4A27-A2A6-DBC54DD6E53E} = {D40A66D9-B336-4A27-A2A6-DBC54DD6E53E}
		{D65D73F3-D774-48AF-978B-974281829B1D} = {D65D73F3-D774-48AF-978B-974281829B1D}
	EndProjectSection
EndProject
Project("{FAE04EC0-301F-11D3-BF4B-00C04F79EFBC}") = "aConverterClassLibrary", "aConverterClassLibrary\aConverterClassLibrary.csproj", "{4DD34293-327E-4229-99BB-4952206592EC}"
EndProject
Project("{FAE04EC0-301F-11D3-BF4B-00C04F79EFBC}") = "aConverterTestProject", "aConverterTestProject\aConverterTestProject.csproj", "{1159DF2F-4260-4B85-837E-DA1A4FBC4DBE}"
EndProject
Project("{2150E333-8FDC-42A3-9474-1A3956D46DE8}") = "Solution Items", "Solution Items", "{7430B979-85BA-443C-ADFE-8741818B8B39}"
	ProjectSection(SolutionItems) = preProject
		aConverter.vsmdi = aConverter.vsmdi
		Local.testsettings = Local.testsettings
		TraceAndTestImpact.testsettings = TraceAndTestImpact.testsettings
	EndProjectSection
EndProject
Project("{2150E333-8FDC-42A3-9474-1A3956D46DE8}") = "Конвертеры", "Конвертеры", "{03062899-12E1-49A8-9FFC-0219EB1D771C}"
EndProject
Project("{FAE04EC0-301F-11D3-BF4B-00C04F79EFBC}") = "033_YrupinskConvert", "033_YrupinskConvert\033_YrupinskConvert.csproj", "{D40A66D9-B336-4A27-A2A6-DBC54DD6E53E}"
	ProjectSection(ProjectDependencies) = postProject
		{4DD34293-327E-4229-99BB-4952206592EC} = {4DD34293-327E-4229-99BB-4952206592EC}
	EndProjectSection
EndProject
Project("{FAE04EC0-301F-11D3-BF4B-00C04F79EFBC}") = "001_Test", "001_Test\001_Test.csproj", "{EAB17325-D5BE-4CD9-9538-CF40DD091F95}"
EndProject
Project("{FAE04EC0-301F-11D3-BF4B-00C04F79EFBC}") = "036_Izhevskoe", "036_Izhevskoe\036_Izhevskoe.csproj", "{F7AC8075-BBD4-48A0-ABE1-E9CCEB6481FB}"
EndProject
Project("{FAE04EC0-301F-11D3-BF4B-00C04F79EFBC}") = "037_COKPToVodokanal", "037_COKPToVodokanal\037_COKPToVodokanal.csproj", "{D65D73F3-D774-48AF-978B-974281829B1D}"
EndProject
Project("{FAE04EC0-301F-11D3-BF4B-00C04F79EFBC}") = "027_COKPToVodokanal", "027_COKPtoVodokanal\027_COKPToVodokanal.csproj", "{81F429FB-78D1-419D-B7C6-85F82D8CD1B3}"
EndProject
Project("{FAE04EC0-301F-11D3-BF4B-00C04F79EFBC}") = "038_Murmino", "038_Murmino\038_Murmino.csproj", "{E9E45836-C938-4C09-A4AC-E00375F02340}"
EndProject
Project("{FAE04EC0-301F-11D3-BF4B-00C04F79EFBC}") = "039_Iskra", "039_Iskra\039_Iskra.csproj", "{CE1FD047-3200-47BA-B125-56BD5744CE19}"
EndProject
Project("{FAE04EC0-301F-11D3-BF4B-00C04F79EFBC}") = "040_Skopin", "040_Skopin\040_Skopin.csproj", "{42E685CB-2CD8-4DEC-A1FE-7F1620AE153C}"
EndProject
Project("{FAE04EC0-301F-11D3-BF4B-00C04F79EFBC}") = "041_Sarai", "041_Sarai\041_Sarai.csproj", "{E460846E-5A22-4645-A6BA-A037ACD2112D}"
EndProject
Project("{FAE04EC0-301F-11D3-BF4B-00C04F79EFBC}") = "042_Kirici", "042_Kirici\042_Kirici.csproj", "{4C65B11F-A23A-408D-AEDA-68C8CBF7F16A}"
EndProject
Project("{FAE04EC0-301F-11D3-BF4B-00C04F79EFBC}") = "043_PkStroy", "043_PkStroy\043_PkStroy.csproj", "{A7E130B0-1DA9-4FD7-87DB-60D503B453B1}"
EndProject
Project("{FAE04EC0-301F-11D3-BF4B-00C04F79EFBC}") = "160421_Elista", "160421_Elista\160421_Elista.csproj", "{52CFAA45-F552-4820-9FD3-F576C5AA922F}"
EndProject
Project("{FAE04EC0-301F-11D3-BF4B-00C04F79EFBC}") = "044_TeplComp", "044_TeplComp\044_TeplComp.csproj", "{09704FE0-1801-452D-975D-EAE9FC5D116F}"
EndProject
Project("{FAE04EC0-301F-11D3-BF4B-00C04F79EFBC}") = "045_SpasskStroyDetal", "045_SpasskStroyDetal\045_SpasskStroyDetal.csproj", "{D3507175-D801-4FCE-831E-1DCAD8C8E69D}"
EndProject
Global
	GlobalSection(SolutionConfigurationPlatforms) = preSolution
		Debug|Any CPU = Debug|Any CPU
		Debug|Mixed Platforms = Debug|Mixed Platforms
		Debug|x64 = Debug|x64
		Debug|x86 = Debug|x86
		Release|Any CPU = Release|Any CPU
		Release|Mixed Platforms = Release|Mixed Platforms
		Release|x64 = Release|x64
		Release|x86 = Release|x86
	EndGlobalSection
	GlobalSection(ProjectConfigurationPlatforms) = postSolution
		{4E2D1A8E-E351-4F1A-A8DC-85FAD77B5216}.Debug|Any CPU.ActiveCfg = Debug|x86
		{4E2D1A8E-E351-4F1A-A8DC-85FAD77B5216}.Debug|Mixed Platforms.ActiveCfg = Debug|x86
		{4E2D1A8E-E351-4F1A-A8DC-85FAD77B5216}.Debug|Mixed Platforms.Build.0 = Debug|x86
		{4E2D1A8E-E351-4F1A-A8DC-85FAD77B5216}.Debug|x64.ActiveCfg = Debug|x64
		{4E2D1A8E-E351-4F1A-A8DC-85FAD77B5216}.Debug|x64.Build.0 = Debug|x64
		{4E2D1A8E-E351-4F1A-A8DC-85FAD77B5216}.Debug|x86.ActiveCfg = Debug|x86
		{4E2D1A8E-E351-4F1A-A8DC-85FAD77B5216}.Debug|x86.Build.0 = Debug|x86
		{4E2D1A8E-E351-4F1A-A8DC-85FAD77B5216}.Release|Any CPU.ActiveCfg = Release|x86
		{4E2D1A8E-E351-4F1A-A8DC-85FAD77B5216}.Release|Mixed Platforms.ActiveCfg = Release|x86
		{4E2D1A8E-E351-4F1A-A8DC-85FAD77B5216}.Release|Mixed Platforms.Build.0 = Release|x86
		{4E2D1A8E-E351-4F1A-A8DC-85FAD77B5216}.Release|x64.ActiveCfg = Release|x64
		{4E2D1A8E-E351-4F1A-A8DC-85FAD77B5216}.Release|x86.ActiveCfg = Release|x86
		{4E2D1A8E-E351-4F1A-A8DC-85FAD77B5216}.Release|x86.Build.0 = Release|x86
		{4DD34293-327E-4229-99BB-4952206592EC}.Debug|Any CPU.ActiveCfg = Debug|Any CPU
		{4DD34293-327E-4229-99BB-4952206592EC}.Debug|Any CPU.Build.0 = Debug|Any CPU
		{4DD34293-327E-4229-99BB-4952206592EC}.Debug|Mixed Platforms.ActiveCfg = Debug|Any CPU
		{4DD34293-327E-4229-99BB-4952206592EC}.Debug|Mixed Platforms.Build.0 = Debug|Any CPU
		{4DD34293-327E-4229-99BB-4952206592EC}.Debug|x64.ActiveCfg = Debug|x64
		{4DD34293-327E-4229-99BB-4952206592EC}.Debug|x64.Build.0 = Debug|x64
		{4DD34293-327E-4229-99BB-4952206592EC}.Debug|x86.ActiveCfg = Debug|Any CPU
		{4DD34293-327E-4229-99BB-4952206592EC}.Release|Any CPU.ActiveCfg = Release|Any CPU
		{4DD34293-327E-4229-99BB-4952206592EC}.Release|Any CPU.Build.0 = Release|Any CPU
		{4DD34293-327E-4229-99BB-4952206592EC}.Release|Mixed Platforms.ActiveCfg = Release|Any CPU
		{4DD34293-327E-4229-99BB-4952206592EC}.Release|Mixed Platforms.Build.0 = Release|Any CPU
		{4DD34293-327E-4229-99BB-4952206592EC}.Release|x64.ActiveCfg = Release|x64
		{4DD34293-327E-4229-99BB-4952206592EC}.Release|x64.Build.0 = Release|x64
		{4DD34293-327E-4229-99BB-4952206592EC}.Release|x86.ActiveCfg = Release|Any CPU
		{1159DF2F-4260-4B85-837E-DA1A4FBC4DBE}.Debug|Any CPU.ActiveCfg = Debug|Any CPU
		{1159DF2F-4260-4B85-837E-DA1A4FBC4DBE}.Debug|Any CPU.Build.0 = Debug|Any CPU
		{1159DF2F-4260-4B85-837E-DA1A4FBC4DBE}.Debug|Mixed Platforms.ActiveCfg = Debug|Any CPU
		{1159DF2F-4260-4B85-837E-DA1A4FBC4DBE}.Debug|Mixed Platforms.Build.0 = Debug|Any CPU
		{1159DF2F-4260-4B85-837E-DA1A4FBC4DBE}.Debug|x64.ActiveCfg = Debug|x64
		{1159DF2F-4260-4B85-837E-DA1A4FBC4DBE}.Debug|x64.Build.0 = Debug|x64
		{1159DF2F-4260-4B85-837E-DA1A4FBC4DBE}.Debug|x86.ActiveCfg = Debug|Any CPU
		{1159DF2F-4260-4B85-837E-DA1A4FBC4DBE}.Release|Any CPU.ActiveCfg = Release|Any CPU
		{1159DF2F-4260-4B85-837E-DA1A4FBC4DBE}.Release|Any CPU.Build.0 = Release|Any CPU
		{1159DF2F-4260-4B85-837E-DA1A4FBC4DBE}.Release|Mixed Platforms.ActiveCfg = Release|Any CPU
		{1159DF2F-4260-4B85-837E-DA1A4FBC4DBE}.Release|Mixed Platforms.Build.0 = Release|Any CPU
		{1159DF2F-4260-4B85-837E-DA1A4FBC4DBE}.Release|x64.ActiveCfg = Release|x64
		{1159DF2F-4260-4B85-837E-DA1A4FBC4DBE}.Release|x64.Build.0 = Release|x64
		{1159DF2F-4260-4B85-837E-DA1A4FBC4DBE}.Release|x86.ActiveCfg = Release|Any CPU
		{D40A66D9-B336-4A27-A2A6-DBC54DD6E53E}.Debug|Any CPU.ActiveCfg = Debug|Any CPU
		{D40A66D9-B336-4A27-A2A6-DBC54DD6E53E}.Debug|Any CPU.Build.0 = Debug|Any CPU
		{D40A66D9-B336-4A27-A2A6-DBC54DD6E53E}.Debug|Mixed Platforms.ActiveCfg = Debug|Any CPU
		{D40A66D9-B336-4A27-A2A6-DBC54DD6E53E}.Debug|x64.ActiveCfg = Debug|Any CPU
		{D40A66D9-B336-4A27-A2A6-DBC54DD6E53E}.Debug|x86.ActiveCfg = Debug|Any CPU
		{D40A66D9-B336-4A27-A2A6-DBC54DD6E53E}.Release|Any CPU.ActiveCfg = Release|Any CPU
		{D40A66D9-B336-4A27-A2A6-DBC54DD6E53E}.Release|Any CPU.Build.0 = Release|Any CPU
		{D40A66D9-B336-4A27-A2A6-DBC54DD6E53E}.Release|Mixed Platforms.ActiveCfg = Release|Any CPU
		{D40A66D9-B336-4A27-A2A6-DBC54DD6E53E}.Release|Mixed Platforms.Build.0 = Release|Any CPU
		{D40A66D9-B336-4A27-A2A6-DBC54DD6E53E}.Release|x64.ActiveCfg = Release|Any CPU
		{D40A66D9-B336-4A27-A2A6-DBC54DD6E53E}.Release|x86.ActiveCfg = Release|Any CPU
		{EAB17325-D5BE-4CD9-9538-CF40DD091F95}.Debug|Any CPU.ActiveCfg = Debug|Any CPU
		{EAB17325-D5BE-4CD9-9538-CF40DD091F95}.Debug|Any CPU.Build.0 = Debug|Any CPU
		{EAB17325-D5BE-4CD9-9538-CF40DD091F95}.Debug|Mixed Platforms.ActiveCfg = Debug|Any CPU
		{EAB17325-D5BE-4CD9-9538-CF40DD091F95}.Debug|x64.ActiveCfg = Debug|Any CPU
		{EAB17325-D5BE-4CD9-9538-CF40DD091F95}.Debug|x86.ActiveCfg = Debug|Any CPU
		{EAB17325-D5BE-4CD9-9538-CF40DD091F95}.Release|Any CPU.ActiveCfg = Release|Any CPU
		{EAB17325-D5BE-4CD9-9538-CF40DD091F95}.Release|Any CPU.Build.0 = Release|Any CPU
		{EAB17325-D5BE-4CD9-9538-CF40DD091F95}.Release|Mixed Platforms.ActiveCfg = Release|Any CPU
		{EAB17325-D5BE-4CD9-9538-CF40DD091F95}.Release|Mixed Platforms.Build.0 = Release|Any CPU
		{EAB17325-D5BE-4CD9-9538-CF40DD091F95}.Release|x64.ActiveCfg = Release|Any CPU
		{EAB17325-D5BE-4CD9-9538-CF40DD091F95}.Release|x86.ActiveCfg = Release|Any CPU
		{F7AC8075-BBD4-48A0-ABE1-E9CCEB6481FB}.Debug|Any CPU.ActiveCfg = Debug|Any CPU
		{F7AC8075-BBD4-48A0-ABE1-E9CCEB6481FB}.Debug|Any CPU.Build.0 = Debug|Any CPU
		{F7AC8075-BBD4-48A0-ABE1-E9CCEB6481FB}.Debug|Mixed Platforms.ActiveCfg = Debug|Any CPU
		{F7AC8075-BBD4-48A0-ABE1-E9CCEB6481FB}.Debug|x64.ActiveCfg = Debug|Any CPU
		{F7AC8075-BBD4-48A0-ABE1-E9CCEB6481FB}.Debug|x86.ActiveCfg = Debug|Any CPU
		{F7AC8075-BBD4-48A0-ABE1-E9CCEB6481FB}.Release|Any CPU.ActiveCfg = Release|Any CPU
		{F7AC8075-BBD4-48A0-ABE1-E9CCEB6481FB}.Release|Any CPU.Build.0 = Release|Any CPU
		{F7AC8075-BBD4-48A0-ABE1-E9CCEB6481FB}.Release|Mixed Platforms.ActiveCfg = Release|Any CPU
		{F7AC8075-BBD4-48A0-ABE1-E9CCEB6481FB}.Release|Mixed Platforms.Build.0 = Release|Any CPU
		{F7AC8075-BBD4-48A0-ABE1-E9CCEB6481FB}.Release|x64.ActiveCfg = Release|Any CPU
		{F7AC8075-BBD4-48A0-ABE1-E9CCEB6481FB}.Release|x86.ActiveCfg = Release|Any CPU
		{D65D73F3-D774-48AF-978B-974281829B1D}.Debug|Any CPU.ActiveCfg = Debug|Any CPU
		{D65D73F3-D774-48AF-978B-974281829B1D}.Debug|Any CPU.Build.0 = Debug|Any CPU
		{D65D73F3-D774-48AF-978B-974281829B1D}.Debug|Mixed Platforms.ActiveCfg = Debug|Any CPU
		{D65D73F3-D774-48AF-978B-974281829B1D}.Debug|x64.ActiveCfg = Debug|Any CPU
		{D65D73F3-D774-48AF-978B-974281829B1D}.Debug|x86.ActiveCfg = Debug|Any CPU
		{D65D73F3-D774-48AF-978B-974281829B1D}.Release|Any CPU.ActiveCfg = Release|Any CPU
		{D65D73F3-D774-48AF-978B-974281829B1D}.Release|Any CPU.Build.0 = Release|Any CPU
		{D65D73F3-D774-48AF-978B-974281829B1D}.Release|Mixed Platforms.ActiveCfg = Release|Any CPU
		{D65D73F3-D774-48AF-978B-974281829B1D}.Release|Mixed Platforms.Build.0 = Release|Any CPU
		{D65D73F3-D774-48AF-978B-974281829B1D}.Release|x64.ActiveCfg = Release|Any CPU
		{D65D73F3-D774-48AF-978B-974281829B1D}.Release|x86.ActiveCfg = Release|Any CPU
		{81F429FB-78D1-419D-B7C6-85F82D8CD1B3}.Debug|Any CPU.ActiveCfg = Debug|Any CPU
		{81F429FB-78D1-419D-B7C6-85F82D8CD1B3}.Debug|Any CPU.Build.0 = Debug|Any CPU
		{81F429FB-78D1-419D-B7C6-85F82D8CD1B3}.Debug|Mixed Platforms.ActiveCfg = Debug|Any CPU
		{81F429FB-78D1-419D-B7C6-85F82D8CD1B3}.Debug|Mixed Platforms.Build.0 = Debug|Any CPU
		{81F429FB-78D1-419D-B7C6-85F82D8CD1B3}.Debug|x64.ActiveCfg = Debug|Any CPU
		{81F429FB-78D1-419D-B7C6-85F82D8CD1B3}.Debug|x86.ActiveCfg = Debug|Any CPU
		{81F429FB-78D1-419D-B7C6-85F82D8CD1B3}.Release|Any CPU.ActiveCfg = Release|Any CPU
		{81F429FB-78D1-419D-B7C6-85F82D8CD1B3}.Release|Any CPU.Build.0 = Release|Any CPU
		{81F429FB-78D1-419D-B7C6-85F82D8CD1B3}.Release|Mixed Platforms.ActiveCfg = Release|Any CPU
		{81F429FB-78D1-419D-B7C6-85F82D8CD1B3}.Release|Mixed Platforms.Build.0 = Release|Any CPU
		{81F429FB-78D1-419D-B7C6-85F82D8CD1B3}.Release|x64.ActiveCfg = Release|Any CPU
		{81F429FB-78D1-419D-B7C6-85F82D8CD1B3}.Release|x86.ActiveCfg = Release|Any CPU
		{E9E45836-C938-4C09-A4AC-E00375F02340}.Debug|Any CPU.ActiveCfg = Debug|Any CPU
		{E9E45836-C938-4C09-A4AC-E00375F02340}.Debug|Any CPU.Build.0 = Debug|Any CPU
		{E9E45836-C938-4C09-A4AC-E00375F02340}.Debug|Mixed Platforms.ActiveCfg = Debug|Any CPU
		{E9E45836-C938-4C09-A4AC-E00375F02340}.Debug|Mixed Platforms.Build.0 = Debug|Any CPU
		{E9E45836-C938-4C09-A4AC-E00375F02340}.Debug|x64.ActiveCfg = Debug|Any CPU
		{E9E45836-C938-4C09-A4AC-E00375F02340}.Debug|x86.ActiveCfg = Debug|Any CPU
		{E9E45836-C938-4C09-A4AC-E00375F02340}.Release|Any CPU.ActiveCfg = Release|Any CPU
		{E9E45836-C938-4C09-A4AC-E00375F02340}.Release|Any CPU.Build.0 = Release|Any CPU
		{E9E45836-C938-4C09-A4AC-E00375F02340}.Release|Mixed Platforms.ActiveCfg = Release|Any CPU
		{E9E45836-C938-4C09-A4AC-E00375F02340}.Release|Mixed Platforms.Build.0 = Release|Any CPU
		{E9E45836-C938-4C09-A4AC-E00375F02340}.Release|x64.ActiveCfg = Release|Any CPU
		{E9E45836-C938-4C09-A4AC-E00375F02340}.Release|x86.ActiveCfg = Release|Any CPU
		{CE1FD047-3200-47BA-B125-56BD5744CE19}.Debug|Any CPU.ActiveCfg = Debug|Any CPU
		{CE1FD047-3200-47BA-B125-56BD5744CE19}.Debug|Any CPU.Build.0 = Debug|Any CPU
		{CE1FD047-3200-47BA-B125-56BD5744CE19}.Debug|Mixed Platforms.ActiveCfg = Debug|Any CPU
		{CE1FD047-3200-47BA-B125-56BD5744CE19}.Debug|Mixed Platforms.Build.0 = Debug|Any CPU
		{CE1FD047-3200-47BA-B125-56BD5744CE19}.Debug|x64.ActiveCfg = Debug|Any CPU
		{CE1FD047-3200-47BA-B125-56BD5744CE19}.Debug|x86.ActiveCfg = Debug|Any CPU
		{CE1FD047-3200-47BA-B125-56BD5744CE19}.Release|Any CPU.ActiveCfg = Release|Any CPU
		{CE1FD047-3200-47BA-B125-56BD5744CE19}.Release|Any CPU.Build.0 = Release|Any CPU
		{CE1FD047-3200-47BA-B125-56BD5744CE19}.Release|Mixed Platforms.ActiveCfg = Release|Any CPU
		{CE1FD047-3200-47BA-B125-56BD5744CE19}.Release|Mixed Platforms.Build.0 = Release|Any CPU
		{CE1FD047-3200-47BA-B125-56BD5744CE19}.Release|x64.ActiveCfg = Release|Any CPU
		{CE1FD047-3200-47BA-B125-56BD5744CE19}.Release|x86.ActiveCfg = Release|Any CPU
		{42E685CB-2CD8-4DEC-A1FE-7F1620AE153C}.Debug|Any CPU.ActiveCfg = Debug|Any CPU
		{42E685CB-2CD8-4DEC-A1FE-7F1620AE153C}.Debug|Any CPU.Build.0 = Debug|Any CPU
		{42E685CB-2CD8-4DEC-A1FE-7F1620AE153C}.Debug|Mixed Platforms.ActiveCfg = Debug|Any CPU
		{42E685CB-2CD8-4DEC-A1FE-7F1620AE153C}.Debug|Mixed Platforms.Build.0 = Debug|Any CPU
		{42E685CB-2CD8-4DEC-A1FE-7F1620AE153C}.Debug|x64.ActiveCfg = Debug|Any CPU
		{42E685CB-2CD8-4DEC-A1FE-7F1620AE153C}.Debug|x86.ActiveCfg = Debug|Any CPU
		{42E685CB-2CD8-4DEC-A1FE-7F1620AE153C}.Release|Any CPU.ActiveCfg = Release|Any CPU
		{42E685CB-2CD8-4DEC-A1FE-7F1620AE153C}.Release|Any CPU.Build.0 = Release|Any CPU
		{42E685CB-2CD8-4DEC-A1FE-7F1620AE153C}.Release|Mixed Platforms.ActiveCfg = Release|Any CPU
		{42E685CB-2CD8-4DEC-A1FE-7F1620AE153C}.Release|Mixed Platforms.Build.0 = Release|Any CPU
		{42E685CB-2CD8-4DEC-A1FE-7F1620AE153C}.Release|x64.ActiveCfg = Release|Any CPU
		{42E685CB-2CD8-4DEC-A1FE-7F1620AE153C}.Release|x86.ActiveCfg = Release|Any CPU
		{E460846E-5A22-4645-A6BA-A037ACD2112D}.Debug|Any CPU.ActiveCfg = Debug|Any CPU
		{E460846E-5A22-4645-A6BA-A037ACD2112D}.Debug|Any CPU.Build.0 = Debug|Any CPU
		{E460846E-5A22-4645-A6BA-A037ACD2112D}.Debug|Mixed Platforms.ActiveCfg = Debug|Any CPU
		{E460846E-5A22-4645-A6BA-A037ACD2112D}.Debug|Mixed Platforms.Build.0 = Debug|Any CPU
		{E460846E-5A22-4645-A6BA-A037ACD2112D}.Debug|x64.ActiveCfg = Debug|Any CPU
		{E460846E-5A22-4645-A6BA-A037ACD2112D}.Debug|x86.ActiveCfg = Debug|Any CPU
		{E460846E-5A22-4645-A6BA-A037ACD2112D}.Release|Any CPU.ActiveCfg = Release|Any CPU
		{E460846E-5A22-4645-A6BA-A037ACD2112D}.Release|Any CPU.Build.0 = Release|Any CPU
		{E460846E-5A22-4645-A6BA-A037ACD2112D}.Release|Mixed Platforms.ActiveCfg = Release|Any CPU
		{E460846E-5A22-4645-A6BA-A037ACD2112D}.Release|Mixed Platforms.Build.0 = Release|Any CPU
		{E460846E-5A22-4645-A6BA-A037ACD2112D}.Release|x64.ActiveCfg = Release|Any CPU
		{E460846E-5A22-4645-A6BA-A037ACD2112D}.Release|x86.ActiveCfg = Release|Any CPU
		{4C65B11F-A23A-408D-AEDA-68C8CBF7F16A}.Debug|Any CPU.ActiveCfg = Debug|Any CPU
		{4C65B11F-A23A-408D-AEDA-68C8CBF7F16A}.Debug|Any CPU.Build.0 = Debug|Any CPU
		{4C65B11F-A23A-408D-AEDA-68C8CBF7F16A}.Debug|Mixed Platforms.ActiveCfg = Debug|Any CPU
		{4C65B11F-A23A-408D-AEDA-68C8CBF7F16A}.Debug|Mixed Platforms.Build.0 = Debug|Any CPU
		{4C65B11F-A23A-408D-AEDA-68C8CBF7F16A}.Debug|x64.ActiveCfg = Debug|Any CPU
		{4C65B11F-A23A-408D-AEDA-68C8CBF7F16A}.Debug|x86.ActiveCfg = Debug|Any CPU
		{4C65B11F-A23A-408D-AEDA-68C8CBF7F16A}.Release|Any CPU.ActiveCfg = Release|Any CPU
		{4C65B11F-A23A-408D-AEDA-68C8CBF7F16A}.Release|Any CPU.Build.0 = Release|Any CPU
		{4C65B11F-A23A-408D-AEDA-68C8CBF7F16A}.Release|Mixed Platforms.ActiveCfg = Release|Any CPU
		{4C65B11F-A23A-408D-AEDA-68C8CBF7F16A}.Release|Mixed Platforms.Build.0 = Release|Any CPU
		{4C65B11F-A23A-408D-AEDA-68C8CBF7F16A}.Release|x64.ActiveCfg = Release|Any CPU
		{4C65B11F-A23A-408D-AEDA-68C8CBF7F16A}.Release|x86.ActiveCfg = Release|Any CPU
		{A7E130B0-1DA9-4FD7-87DB-60D503B453B1}.Debug|Any CPU.ActiveCfg = Debug|Any CPU
		{A7E130B0-1DA9-4FD7-87DB-60D503B453B1}.Debug|Any CPU.Build.0 = Debug|Any CPU
		{A7E130B0-1DA9-4FD7-87DB-60D503B453B1}.Debug|Mixed Platforms.ActiveCfg = Debug|Any CPU
		{A7E130B0-1DA9-4FD7-87DB-60D503B453B1}.Debug|Mixed Platforms.Build.0 = Debug|Any CPU
		{A7E130B0-1DA9-4FD7-87DB-60D503B453B1}.Debug|x64.ActiveCfg = Debug|Any CPU
		{A7E130B0-1DA9-4FD7-87DB-60D503B453B1}.Debug|x86.ActiveCfg = Debug|Any CPU
		{A7E130B0-1DA9-4FD7-87DB-60D503B453B1}.Release|Any CPU.ActiveCfg = Release|Any CPU
		{A7E130B0-1DA9-4FD7-87DB-60D503B453B1}.Release|Any CPU.Build.0 = Release|Any CPU
		{A7E130B0-1DA9-4FD7-87DB-60D503B453B1}.Release|Mixed Platforms.ActiveCfg = Release|Any CPU
		{A7E130B0-1DA9-4FD7-87DB-60D503B453B1}.Release|Mixed Platforms.Build.0 = Release|Any CPU
		{A7E130B0-1DA9-4FD7-87DB-60D503B453B1}.Release|x64.ActiveCfg = Release|Any CPU
		{A7E130B0-1DA9-4FD7-87DB-60D503B453B1}.Release|x86.ActiveCfg = Release|Any CPU
		{52CFAA45-F552-4820-9FD3-F576C5AA922F}.Debug|Any CPU.ActiveCfg = Debug|Any CPU
		{52CFAA45-F552-4820-9FD3-F576C5AA922F}.Debug|Any CPU.Build.0 = Debug|Any CPU
		{52CFAA45-F552-4820-9FD3-F576C5AA922F}.Debug|Mixed Platforms.ActiveCfg = Debug|Any CPU
		{52CFAA45-F552-4820-9FD3-F576C5AA922F}.Debug|Mixed Platforms.Build.0 = Debug|Any CPU
		{52CFAA45-F552-4820-9FD3-F576C5AA922F}.Debug|x64.ActiveCfg = Debug|Any CPU
		{52CFAA45-F552-4820-9FD3-F576C5AA922F}.Debug|x86.ActiveCfg = Debug|Any CPU
		{52CFAA45-F552-4820-9FD3-F576C5AA922F}.Release|Any CPU.ActiveCfg = Release|Any CPU
		{52CFAA45-F552-4820-9FD3-F576C5AA922F}.Release|Any CPU.Build.0 = Release|Any CPU
		{52CFAA45-F552-4820-9FD3-F576C5AA922F}.Release|Mixed Platforms.ActiveCfg = Release|Any CPU
		{52CFAA45-F552-4820-9FD3-F576C5AA922F}.Release|Mixed Platforms.Build.0 = Release|Any CPU
		{52CFAA45-F552-4820-9FD3-F576C5AA922F}.Release|x64.ActiveCfg = Release|Any CPU
		{52CFAA45-F552-4820-9FD3-F576C5AA922F}.Release|x86.ActiveCfg = Release|Any CPU
		{09704FE0-1801-452D-975D-EAE9FC5D116F}.Debug|Any CPU.ActiveCfg = Debug|Any CPU
		{09704FE0-1801-452D-975D-EAE9FC5D116F}.Debug|Any CPU.Build.0 = Debug|Any CPU
		{09704FE0-1801-452D-975D-EAE9FC5D116F}.Debug|Mixed Platforms.ActiveCfg = Debug|Any CPU
		{09704FE0-1801-452D-975D-EAE9FC5D116F}.Debug|Mixed Platforms.Build.0 = Debug|Any CPU
		{09704FE0-1801-452D-975D-EAE9FC5D116F}.Debug|x64.ActiveCfg = Debug|Any CPU
		{09704FE0-1801-452D-975D-EAE9FC5D116F}.Debug|x86.ActiveCfg = Debug|Any CPU
		{09704FE0-1801-452D-975D-EAE9FC5D116F}.Release|Any CPU.ActiveCfg = Release|Any CPU
		{09704FE0-1801-452D-975D-EAE9FC5D116F}.Release|Any CPU.Build.0 = Release|Any CPU
		{09704FE0-1801-452D-975D-EAE9FC5D116F}.Release|Mixed Platforms.ActiveCfg = Release|Any CPU
		{09704FE0-1801-452D-975D-EAE9FC5D116F}.Release|Mixed Platforms.Build.0 = Release|Any CPU
		{09704FE0-1801-452D-975D-EAE9FC5D116F}.Release|x64.ActiveCfg = Release|Any CPU
		{09704FE0-1801-452D-975D-EAE9FC5D116F}.Release|x86.ActiveCfg = Release|Any CPU
		{D3507175-D801-4FCE-831E-1DCAD8C8E69D}.Debug|Any CPU.ActiveCfg = Debug|Any CPU
		{D3507175-D801-4FCE-831E-1DCAD8C8E69D}.Debug|Any CPU.Build.0 = Debug|Any CPU
		{D3507175-D801-4FCE-831E-1DCAD8C8E69D}.Debug|Mixed Platforms.ActiveCfg = Debug|Any CPU
		{D3507175-D801-4FCE-831E-1DCAD8C8E69D}.Debug|Mixed Platforms.Build.0 = Debug|Any CPU
		{D3507175-D801-4FCE-831E-1DCAD8C8E69D}.Debug|x64.ActiveCfg = Debug|Any CPU
		{D3507175-D801-4FCE-831E-1DCAD8C8E69D}.Debug|x86.ActiveCfg = Debug|Any CPU
		{D3507175-D801-4FCE-831E-1DCAD8C8E69D}.Debug|x86.Build.0 = Debug|Any CPU
		{D3507175-D801-4FCE-831E-1DCAD8C8E69D}.Release|Any CPU.ActiveCfg = Release|Any CPU
		{D3507175-D801-4FCE-831E-1DCAD8C8E69D}.Release|Any CPU.Build.0 = Release|Any CPU
		{D3507175-D801-4FCE-831E-1DCAD8C8E69D}.Release|Mixed Platforms.ActiveCfg = Release|Any CPU
		{D3507175-D801-4FCE-831E-1DCAD8C8E69D}.Release|Mixed Platforms.Build.0 = Release|Any CPU
		{D3507175-D801-4FCE-831E-1DCAD8C8E69D}.Release|x64.ActiveCfg = Release|Any CPU
		{D3507175-D801-4FCE-831E-1DCAD8C8E69D}.Release|x86.ActiveCfg = Release|Any CPU
	EndGlobalSection
	GlobalSection(SolutionProperties) = preSolution
		HideSolutionNode = FALSE
	EndGlobalSection
	GlobalSection(NestedProjects) = preSolution
		{D40A66D9-B336-4A27-A2A6-DBC54DD6E53E} = {03062899-12E1-49A8-9FFC-0219EB1D771C}
		{EAB17325-D5BE-4CD9-9538-CF40DD091F95} = {03062899-12E1-49A8-9FFC-0219EB1D771C}
		{F7AC8075-BBD4-48A0-ABE1-E9CCEB6481FB} = {03062899-12E1-49A8-9FFC-0219EB1D771C}
		{D65D73F3-D774-48AF-978B-974281829B1D} = {03062899-12E1-49A8-9FFC-0219EB1D771C}
		{81F429FB-78D1-419D-B7C6-85F82D8CD1B3} = {03062899-12E1-49A8-9FFC-0219EB1D771C}
		{E9E45836-C938-4C09-A4AC-E00375F02340} = {03062899-12E1-49A8-9FFC-0219EB1D771C}
		{CE1FD047-3200-47BA-B125-56BD5744CE19} = {03062899-12E1-49A8-9FFC-0219EB1D771C}
		{42E685CB-2CD8-4DEC-A1FE-7F1620AE153C} = {03062899-12E1-49A8-9FFC-0219EB1D771C}
		{E460846E-5A22-4645-A6BA-A037ACD2112D} = {03062899-12E1-49A8-9FFC-0219EB1D771C}
		{4C65B11F-A23A-408D-AEDA-68C8CBF7F16A} = {03062899-12E1-49A8-9FFC-0219EB1D771C}
		{A7E130B0-1DA9-4FD7-87DB-60D503B453B1} = {03062899-12E1-49A8-9FFC-0219EB1D771C}
		{52CFAA45-F552-4820-9FD3-F576C5AA922F} = {03062899-12E1-49A8-9FFC-0219EB1D771C}
		{09704FE0-1801-452D-975D-EAE9FC5D116F} = {03062899-12E1-49A8-9FFC-0219EB1D771C}
		{D3507175-D801-4FCE-831E-1DCAD8C8E69D} = {03062899-12E1-49A8-9FFC-0219EB1D771C}
	EndGlobalSection
	GlobalSection(TestCaseManagementSettings) = postSolution
		CategoryFile = aConverter.vsmdi
	EndGlobalSection
EndGlobal
